
Microsoft Visual Studio Solution File, Format Version 12.00
# Visual Studio Version 17
VisualStudioVersion = 17.9.34723.18
MinimumVisualStudioVersion = 10.0.40219.1
Project("{9A19103F-16F7-4668-BE54-9A1E7A4F7556}") = "PsychologyApp.Presentation", "PsychologyApp.Presentation\PsychologyApp.Presentation.csproj", "{1BEBA9A5-14F4-4048-8F5B-85D08FE88EA9}"
EndProject
Project("{9A19103F-16F7-4668-BE54-9A1E7A4F7556}") = "PsychologyApp.Infrastructure", "PsychologyApp.Infrastructure\PsychologyApp.Infrastructure.csproj", "{0E1E6AE8-83F1-4522-86C3-7ECFED515E77}"
EndProject
Project("{2150E333-8FDC-42A3-9474-1A3956D46DE8}") = "Practic", "Practic", "{731D2844-A7F2-4067-9633-BBCDE8A9B826}"
EndProject
Project("{9A19103F-16F7-4668-BE54-9A1E7A4F7556}") = "PsychologyApp.Practic.Domain", "PsychologyApp.Practic.Domain\PsychologyApp.Practic.Domain.csproj", "{7E2920A4-0009-4BC8-899F-4EE864780D02}"
EndProject
Project("{9A19103F-16F7-4668-BE54-9A1E7A4F7556}") = "PsychologyApp.Practic.Application", "PsychologyApp.Practic.Application\PsychologyApp.Practic.Application.csproj", "{972FDC75-2A03-4E70-AA3D-47C253C4E208}"
EndProject
Project("{2150E333-8FDC-42A3-9474-1A3956D46DE8}") = "Detector", "Detector", "{4A71D19E-1C39-4BE6-AD75-CF18C0A2D41D}"
EndProject
Project("{9A19103F-16F7-4668-BE54-9A1E7A4F7556}") = "PsychologyApp.Detector.Domain", "PsychologyApp.Detector.Domain\PsychologyApp.Detector.Domain.csproj", "{C3ECCDDF-506F-4A97-89F6-0F30A01727BC}"
EndProject
Project("{9A19103F-16F7-4668-BE54-9A1E7A4F7556}") = "PsychologyApp.Detector.Application", "PsychologyApp.Detector.Application\PsychologyApp.Detector.Application.csproj", "{A6427B12-1D2B-4A47-9660-847E37D65226}"
EndProject
Project("{2150E333-8FDC-42A3-9474-1A3956D46DE8}") = "Somatic", "Somatic", "{B4ED886A-0F9C-417A-BBAB-85CFC51F8B8F}"
EndProject
Project("{9A19103F-16F7-4668-BE54-9A1E7A4F7556}") = "PsychologyApp.Somatic.Domain", "PsychologyApp.Somatic.Domain\PsychologyApp.Somatic.Domain.csproj", "{03B723A7-90B1-4242-8C40-883D1B6B4F70}"
EndProject
Project("{9A19103F-16F7-4668-BE54-9A1E7A4F7556}") = "Psychology.Somatic.Application", "Psychology.Somatic.Application\Psychology.Somatic.Application.csproj", "{24E48086-07FC-4377-8E75-FBCC6A594F1F}"
EndProject
Project("{2150E333-8FDC-42A3-9474-1A3956D46DE8}") = "Cleaner", "Cleaner", "{2C4B53BD-2708-4059-A956-817FBF8B605C}"
EndProject
Project("{9A19103F-16F7-4668-BE54-9A1E7A4F7556}") = "PsychologyApp.Cleaner.Domain", "PsychologyApp.Cleaner.Domain\PsychologyApp.Cleaner.Domain.csproj", "{C3ABCA3D-A8F3-45D6-AF29-FD2DB308D307}"
EndProject
Project("{9A19103F-16F7-4668-BE54-9A1E7A4F7556}") = "PsychologyApp.Cleaner.Application", "PsychologyApp.Cleaner.Application\PsychologyApp.Cleaner.Application.csproj", "{2377FA2E-F2DE-4F8F-8607-D802DB4E06A8}"
EndProject
Project("{2150E333-8FDC-42A3-9474-1A3956D46DE8}") = "Reviewer", "Reviewer", "{558990A8-2B44-4432-B516-42E264588F32}"
EndProject
Project("{9A19103F-16F7-4668-BE54-9A1E7A4F7556}") = "PsychologyApp.Reviewer.Domain", "PsychologyApp.Reviewer.Domain\PsychologyApp.Reviewer.Domain.csproj", "{15FC778D-B7AA-46CF-A6C0-E21C12E2B78B}"
EndProject
Project("{9A19103F-16F7-4668-BE54-9A1E7A4F7556}") = "PsychologyApp.Reviewer.Application", "PsychologyApp.Reviewer.Application\PsychologyApp.Reviewer.Application.csproj", "{303AD3E8-67E6-4C5D-9F89-81AC5A1EA1CE}"
EndProject
Project("{2150E333-8FDC-42A3-9474-1A3956D46DE8}") = "Base", "Base", "{868D1703-4B3D-4C72-9B1A-D49E21D0BCBF}"
EndProject
Project("{9A19103F-16F7-4668-BE54-9A1E7A4F7556}") = "PsychologyApp.Common.Domain", "PsychologyApp.Common.Domain\PsychologyApp.Common.Domain.csproj", "{067C5195-A9A0-4CB1-8D9D-CD75C35BEC2C}"
EndProject
Project("{9A19103F-16F7-4668-BE54-9A1E7A4F7556}") = "PsychologyApp.Common.Application", "PsychologyApp.Common.Application\PsychologyApp.Common.Application.csproj", "{0216AE21-6AEC-4124-9E39-370BD5FC6C19}"
EndProject
Project("{2150E333-8FDC-42A3-9474-1A3956D46DE8}") = "src", "src", "{DA7ECB84-80AD-4973-A8C2-9F2EB581CE45}"
EndProject
Global
	GlobalSection(SolutionConfigurationPlatforms) = preSolution
		Debug|Any CPU = Debug|Any CPU
		Release|Any CPU = Release|Any CPU
	EndGlobalSection
	GlobalSection(ProjectConfigurationPlatforms) = postSolution
		{1BEBA9A5-14F4-4048-8F5B-85D08FE88EA9}.Debug|Any CPU.ActiveCfg = Debug|Any CPU
		{1BEBA9A5-14F4-4048-8F5B-85D08FE88EA9}.Debug|Any CPU.Build.0 = Debug|Any CPU
		{1BEBA9A5-14F4-4048-8F5B-85D08FE88EA9}.Debug|Any CPU.Deploy.0 = Debug|Any CPU
		{1BEBA9A5-14F4-4048-8F5B-85D08FE88EA9}.Release|Any CPU.ActiveCfg = Release|Any CPU
		{1BEBA9A5-14F4-4048-8F5B-85D08FE88EA9}.Release|Any CPU.Build.0 = Release|Any CPU
		{1BEBA9A5-14F4-4048-8F5B-85D08FE88EA9}.Release|Any CPU.Deploy.0 = Release|Any CPU
		{0E1E6AE8-83F1-4522-86C3-7ECFED515E77}.Debug|Any CPU.ActiveCfg = Debug|Any CPU
		{0E1E6AE8-83F1-4522-86C3-7ECFED515E77}.Debug|Any CPU.Build.0 = Debug|Any CPU
		{0E1E6AE8-83F1-4522-86C3-7ECFED515E77}.Release|Any CPU.ActiveCfg = Release|Any CPU
		{0E1E6AE8-83F1-4522-86C3-7ECFED515E77}.Release|Any CPU.Build.0 = Release|Any CPU
		{7E2920A4-0009-4BC8-899F-4EE864780D02}.Debug|Any CPU.ActiveCfg = Debug|Any CPU
		{7E2920A4-0009-4BC8-899F-4EE864780D02}.Debug|Any CPU.Build.0 = Debug|Any CPU
		{7E2920A4-0009-4BC8-899F-4EE864780D02}.Release|Any CPU.ActiveCfg = Release|Any CPU
		{7E2920A4-0009-4BC8-899F-4EE864780D02}.Release|Any CPU.Build.0 = Release|Any CPU
		{972FDC75-2A03-4E70-AA3D-47C253C4E208}.Debug|Any CPU.ActiveCfg = Debug|Any CPU
		{972FDC75-2A03-4E70-AA3D-47C253C4E208}.Debug|Any CPU.Build.0 = Debug|Any CPU
		{972FDC75-2A03-4E70-AA3D-47C253C4E208}.Release|Any CPU.ActiveCfg = Release|Any CPU
		{972FDC75-2A03-4E70-AA3D-47C253C4E208}.Release|Any CPU.Build.0 = Release|Any CPU
		{C3ECCDDF-506F-4A97-89F6-0F30A01727BC}.Debug|Any CPU.ActiveCfg = Debug|Any CPU
		{C3ECCDDF-506F-4A97-89F6-0F30A01727BC}.Debug|Any CPU.Build.0 = Debug|Any CPU
		{C3ECCDDF-506F-4A97-89F6-0F30A01727BC}.Release|Any CPU.ActiveCfg = Release|Any CPU
		{C3ECCDDF-506F-4A97-89F6-0F30A01727BC}.Release|Any CPU.Build.0 = Release|Any CPU
		{A6427B12-1D2B-4A47-9660-847E37D65226}.Debug|Any CPU.ActiveCfg = Debug|Any CPU
		{A6427B12-1D2B-4A47-9660-847E37D65226}.Debug|Any CPU.Build.0 = Debug|Any CPU
		{A6427B12-1D2B-4A47-9660-847E37D65226}.Release|Any CPU.ActiveCfg = Release|Any CPU
		{A6427B12-1D2B-4A47-9660-847E37D65226}.Release|Any CPU.Build.0 = Release|Any CPU
		{03B723A7-90B1-4242-8C40-883D1B6B4F70}.Debug|Any CPU.ActiveCfg = Debug|Any CPU
		{03B723A7-90B1-4242-8C40-883D1B6B4F70}.Debug|Any CPU.Build.0 = Debug|Any CPU
		{03B723A7-90B1-4242-8C40-883D1B6B4F70}.Release|Any CPU.ActiveCfg = Release|Any CPU
		{03B723A7-90B1-4242-8C40-883D1B6B4F70}.Release|Any CPU.Build.0 = Release|Any CPU
		{24E48086-07FC-4377-8E75-FBCC6A594F1F}.Debug|Any CPU.ActiveCfg = Debug|Any CPU
		{24E48086-07FC-4377-8E75-FBCC6A594F1F}.Debug|Any CPU.Build.0 = Debug|Any CPU
		{24E48086-07FC-4377-8E75-FBCC6A594F1F}.Release|Any CPU.ActiveCfg = Release|Any CPU
		{24E48086-07FC-4377-8E75-FBCC6A594F1F}.Release|Any CPU.Build.0 = Release|Any CPU
		{C3ABCA3D-A8F3-45D6-AF29-FD2DB308D307}.Debug|Any CPU.ActiveCfg = Debug|Any CPU
		{C3ABCA3D-A8F3-45D6-AF29-FD2DB308D307}.Debug|Any CPU.Build.0 = Debug|Any CPU
		{C3ABCA3D-A8F3-45D6-AF29-FD2DB308D307}.Release|Any CPU.ActiveCfg = Release|Any CPU
		{C3ABCA3D-A8F3-45D6-AF29-FD2DB308D307}.Release|Any CPU.Build.0 = Release|Any CPU
		{2377FA2E-F2DE-4F8F-8607-D802DB4E06A8}.Debug|Any CPU.ActiveCfg = Debug|Any CPU
		{2377FA2E-F2DE-4F8F-8607-D802DB4E06A8}.Debug|Any CPU.Build.0 = Debug|Any CPU
		{2377FA2E-F2DE-4F8F-8607-D802DB4E06A8}.Release|Any CPU.ActiveCfg = Release|Any CPU
		{2377FA2E-F2DE-4F8F-8607-D802DB4E06A8}.Release|Any CPU.Build.0 = Release|Any CPU
		{15FC778D-B7AA-46CF-A6C0-E21C12E2B78B}.Debug|Any CPU.ActiveCfg = Debug|Any CPU
		{15FC778D-B7AA-46CF-A6C0-E21C12E2B78B}.Debug|Any CPU.Build.0 = Debug|Any CPU
		{15FC778D-B7AA-46CF-A6C0-E21C12E2B78B}.Release|Any CPU.ActiveCfg = Release|Any CPU
		{15FC778D-B7AA-46CF-A6C0-E21C12E2B78B}.Release|Any CPU.Build.0 = Release|Any CPU
		{303AD3E8-67E6-4C5D-9F89-81AC5A1EA1CE}.Debug|Any CPU.ActiveCfg = Debug|Any CPU
		{303AD3E8-67E6-4C5D-9F89-81AC5A1EA1CE}.Debug|Any CPU.Build.0 = Debug|Any CPU
		{303AD3E8-67E6-4C5D-9F89-81AC5A1EA1CE}.Release|Any CPU.ActiveCfg = Release|Any CPU
		{303AD3E8-67E6-4C5D-9F89-81AC5A1EA1CE}.Release|Any CPU.Build.0 = Release|Any CPU
		{067C5195-A9A0-4CB1-8D9D-CD75C35BEC2C}.Debug|Any CPU.ActiveCfg = Debug|Any CPU
		{067C5195-A9A0-4CB1-8D9D-CD75C35BEC2C}.Debug|Any CPU.Build.0 = Debug|Any CPU
		{067C5195-A9A0-4CB1-8D9D-CD75C35BEC2C}.Release|Any CPU.ActiveCfg = Release|Any CPU
		{067C5195-A9A0-4CB1-8D9D-CD75C35BEC2C}.Release|Any CPU.Build.0 = Release|Any CPU
		{0216AE21-6AEC-4124-9E39-370BD5FC6C19}.Debug|Any CPU.ActiveCfg = Debug|Any CPU
		{0216AE21-6AEC-4124-9E39-370BD5FC6C19}.Debug|Any CPU.Build.0 = Debug|Any CPU
		{0216AE21-6AEC-4124-9E39-370BD5FC6C19}.Release|Any CPU.ActiveCfg = Release|Any CPU
		{0216AE21-6AEC-4124-9E39-370BD5FC6C19}.Release|Any CPU.Build.0 = Release|Any CPU
	EndGlobalSection
	GlobalSection(SolutionProperties) = preSolution
		HideSolutionNode = FALSE
	EndGlobalSection
	GlobalSection(NestedProjects) = preSolution
		{1BEBA9A5-14F4-4048-8F5B-85D08FE88EA9} = {DA7ECB84-80AD-4973-A8C2-9F2EB581CE45}
		{0E1E6AE8-83F1-4522-86C3-7ECFED515E77} = {DA7ECB84-80AD-4973-A8C2-9F2EB581CE45}
		{731D2844-A7F2-4067-9633-BBCDE8A9B826} = {DA7ECB84-80AD-4973-A8C2-9F2EB581CE45}
		{7E2920A4-0009-4BC8-899F-4EE864780D02} = {731D2844-A7F2-4067-9633-BBCDE8A9B826}
		{972FDC75-2A03-4E70-AA3D-47C253C4E208} = {731D2844-A7F2-4067-9633-BBCDE8A9B826}
		{4A71D19E-1C39-4BE6-AD75-CF18C0A2D41D} = {DA7ECB84-80AD-4973-A8C2-9F2EB581CE45}
		{C3ECCDDF-506F-4A97-89F6-0F30A01727BC} = {4A71D19E-1C39-4BE6-AD75-CF18C0A2D41D}
		{A6427B12-1D2B-4A47-9660-847E37D65226} = {4A71D19E-1C39-4BE6-AD75-CF18C0A2D41D}
		{B4ED886A-0F9C-417A-BBAB-85CFC51F8B8F} = {DA7ECB84-80AD-4973-A8C2-9F2EB581CE45}
		{03B723A7-90B1-4242-8C40-883D1B6B4F70} = {B4ED886A-0F9C-417A-BBAB-85CFC51F8B8F}
		{24E48086-07FC-4377-8E75-FBCC6A594F1F} = {B4ED886A-0F9C-417A-BBAB-85CFC51F8B8F}
		{2C4B53BD-2708-4059-A956-817FBF8B605C} = {DA7ECB84-80AD-4973-A8C2-9F2EB581CE45}
		{C3ABCA3D-A8F3-45D6-AF29-FD2DB308D307} = {2C4B53BD-2708-4059-A956-817FBF8B605C}
		{2377FA2E-F2DE-4F8F-8607-D802DB4E06A8} = {2C4B53BD-2708-4059-A956-817FBF8B605C}
		{558990A8-2B44-4432-B516-42E264588F32} = {DA7ECB84-80AD-4973-A8C2-9F2EB581CE45}
		{15FC778D-B7AA-46CF-A6C0-E21C12E2B78B} = {558990A8-2B44-4432-B516-42E264588F32}
		{303AD3E8-67E6-4C5D-9F89-81AC5A1EA1CE} = {558990A8-2B44-4432-B516-42E264588F32}
		{868D1703-4B3D-4C72-9B1A-D49E21D0BCBF} = {DA7ECB84-80AD-4973-A8C2-9F2EB581CE45}
		{067C5195-A9A0-4CB1-8D9D-CD75C35BEC2C} = {868D1703-4B3D-4C72-9B1A-D49E21D0BCBF}
		{0216AE21-6AEC-4124-9E39-370BD5FC6C19} = {868D1703-4B3D-4C72-9B1A-D49E21D0BCBF}
	EndGlobalSection
	GlobalSection(ExtensibilityGlobals) = postSolution
		SolutionGuid = {37C2BDA1-7B37-4DCF-8060-00235F497E6F}
	EndGlobalSection
EndGlobal
